{
    "_readme": [
        "This file locks the dependencies of your project to a known state",
        "Read more about it at https://getcomposer.org/doc/01-basic-usage.md#composer-lock-the-lock-file",
        "This file is @generated automatically"
    ],
    "hash": "285d25f396f97332776cad9322a9480d",
    "content-hash": "6c0dc13f40290176ce2ab888f36795fe",
    "packages": [
        {
            "name": "knplabs/knp-snappy",
            "version": "0.4.3",
            "source": {
                "type": "git",
                "url": "https://github.com/KnpLabs/snappy.git",
                "reference": "44f7a9b37d5686fd7db4c1e9569a802a5d16923f"
            },
            "dist": {
                "type": "zip",
                "url": "https://api.github.com/repos/KnpLabs/snappy/zipball/44f7a9b37d5686fd7db4c1e9569a802a5d16923f",
                "reference": "44f7a9b37d5686fd7db4c1e9569a802a5d16923f",
                "shasum": ""
            },
            "require": {
                "php": ">=5.3.3",
                "symfony/process": "~2.3|~3.0"
            },
            "require-dev": {
                "phpunit/phpunit": "~4.7"
            },
            "suggest": {
                "h4cc/wkhtmltoimage-amd64": "Provides wkhtmltoimage-amd64 binary for Linux-compatible machines, use version `~0.12` as dependency",
                "h4cc/wkhtmltoimage-i386": "Provides wkhtmltoimage-i386 binary for Linux-compatible machines, use version `~0.12` as dependency",
                "h4cc/wkhtmltopdf-amd64": "Provides wkhtmltopdf-amd64 binary for Linux-compatible machines, use version `~0.12` as dependency",
                "h4cc/wkhtmltopdf-i386": "Provides wkhtmltopdf-i386 binary for Linux-compatible machines, use version `~0.12` as dependency",
                "wemersonjanuario/wkhtmltopdf-windows": "Provides wkhtmltopdf executable for Windows, use version `~0.12` as dependency"
            },
            "type": "library",
            "extra": {
                "branch-alias": {
                    "dev-master": "0.5.x-dev"
                }
            },
            "autoload": {
                "psr-0": {
                    "Knp\\Snappy": "src/"
                }
            },
            "notification-url": "https://packagist.org/downloads/",
            "license": [
                "MIT"
            ],
            "authors": [
                {
                    "name": "KnpLabs Team",
                    "homepage": "http://knplabs.com"
                },
                {
                    "name": "Symfony Community",
                    "homepage": "http://github.com/KnpLabs/snappy/contributors"
                }
            ],
            "description": "PHP5 library allowing thumbnail, snapshot or PDF generation from a url or a html page. Wrapper for wkhtmltopdf/wkhtmltoimage.",
            "homepage": "http://github.com/KnpLabs/snappy",
            "keywords": [
                "knp",
                "knplabs",
                "pdf",
                "snapshot",
                "thumbnail",
                "wkhtmltopdf"
            ],
            "time": "2015-11-17 13:16:27"
        },
        {
            "name": "symfony/process",
            "version": "v3.0.6",
            "source": {
                "type": "git",
                "url": "https://github.com/symfony/process.git",
                "reference": "53f9407c0bb1c5a79127db8f7bfe12f0f6f3dcdb"
            },
            "dist": {
                "type": "zip",
                "url": "https://api.github.com/repos/symfony/process/zipball/53f9407c0bb1c5a79127db8f7bfe12f0f6f3dcdb",
                "reference": "53f9407c0bb1c5a79127db8f7bfe12f0f6f3dcdb",
                "shasum": ""
            },
            "require": {
                "php": ">=5.5.9"
            },
            "type": "library",
            "extra": {
                "branch-alias": {
                    "dev-master": "3.0-dev"
                }
            },
            "autoload": {
                "psr-4": {
                    "Symfony\\Component\\Process\\": ""
                },
                "exclude-from-classmap": [
                    "/Tests/"
                ]
            },
            "notification-url": "https://packagist.org/downloads/",
            "license": [
                "MIT"
            ],
            "authors": [
                {
                    "name": "Fabien Potencier",
                    "email": "fabien@symfony.com"
                },
                {
                    "name": "Symfony Community",
                    "homepage": "https://symfony.com/contributors"
                }
            ],
            "description": "Symfony Process Component",
            "homepage": "https://symfony.com",
            "time": "2016-04-14 15:30:28"
        }
    ],
    "packages-dev": [],
    "aliases": [],
    "minimum-stability": "stable",
    "stability-flags": [],
    "prefer-stable": false,
    "prefer-lowest": false,
    "platform": [],
    "platform-dev": []
}
